// !$*UTF8*$!
{
	archiveVersion = 1;
	classes = {
	};
	objectVersion = 46;
	objects = {

/* Begin PBXBuildFile section */
		DA03DC3B1C73BBE4007F3EAB /* zEvent.swift in Sources */ = {isa = PBXBuildFile; fileRef = DA03DC3A1C73BBE4007F3EAB /* zEvent.swift */; };
		DA03DC3D1C744B13007F3EAB /* zanga1.png in Resources */ = {isa = PBXBuildFile; fileRef = DA03DC3C1C744B13007F3EAB /* zanga1.png */; };
		DA353FB41C5DE7710018DCB7 /* EventTableViewCell.swift in Sources */ = {isa = PBXBuildFile; fileRef = DA353FB31C5DE7710018DCB7 /* EventTableViewCell.swift */; };
		DA46EACA1C854DA20021297C /* saltLake.png in Resources */ = {isa = PBXBuildFile; fileRef = DA46EAC71C854DA20021297C /* saltLake.png */; };
		DA46EACB1C854DA20021297C /* provo.png in Resources */ = {isa = PBXBuildFile; fileRef = DA46EAC81C854DA20021297C /* provo.png */; };
		DA46EACC1C854DA20021297C /* rexburg.png in Resources */ = {isa = PBXBuildFile; fileRef = DA46EAC91C854DA20021297C /* rexburg.png */; };
		DA46EACE1C865B2C0021297C /* CategoryViewController.swift in Sources */ = {isa = PBXBuildFile; fileRef = DA46EACD1C865B2C0021297C /* CategoryViewController.swift */; };
		DA5417361C89FD7800FC2BCE /* placeholder.jpg in Resources */ = {isa = PBXBuildFile; fileRef = DA5417351C89FD7800FC2BCE /* placeholder.jpg */; };
		DA5417651C8A95AD00FC2BCE /* MKAnnotationView+WebCache.m in Sources */ = {isa = PBXBuildFile; fileRef = DA5417451C8A95AD00FC2BCE /* MKAnnotationView+WebCache.m */; };
		DA5417661C8A95AD00FC2BCE /* NSData+ImageContentType.m in Sources */ = {isa = PBXBuildFile; fileRef = DA5417471C8A95AD00FC2BCE /* NSData+ImageContentType.m */; };
		DA5417671C8A95AD00FC2BCE /* SDImageCache.m in Sources */ = {isa = PBXBuildFile; fileRef = DA5417491C8A95AD00FC2BCE /* SDImageCache.m */; };
		DA5417681C8A95AD00FC2BCE /* SDWebImageCompat.m in Sources */ = {isa = PBXBuildFile; fileRef = DA54174B1C8A95AD00FC2BCE /* SDWebImageCompat.m */; };
		DA5417691C8A95AD00FC2BCE /* SDWebImageDecoder.m in Sources */ = {isa = PBXBuildFile; fileRef = DA54174D1C8A95AD00FC2BCE /* SDWebImageDecoder.m */; };
		DA54176A1C8A95AD00FC2BCE /* SDWebImageDownloader.m in Sources */ = {isa = PBXBuildFile; fileRef = DA54174F1C8A95AD00FC2BCE /* SDWebImageDownloader.m */; };
		DA54176B1C8A95AD00FC2BCE /* SDWebImageDownloaderOperation.m in Sources */ = {isa = PBXBuildFile; fileRef = DA5417511C8A95AD00FC2BCE /* SDWebImageDownloaderOperation.m */; };
		DA54176C1C8A95AD00FC2BCE /* SDWebImageManager.m in Sources */ = {isa = PBXBuildFile; fileRef = DA5417531C8A95AD00FC2BCE /* SDWebImageManager.m */; };
		DA54176D1C8A95AD00FC2BCE /* SDWebImagePrefetcher.m in Sources */ = {isa = PBXBuildFile; fileRef = DA5417561C8A95AD00FC2BCE /* SDWebImagePrefetcher.m */; };
		DA54176E1C8A95AD00FC2BCE /* UIButton+WebCache.m in Sources */ = {isa = PBXBuildFile; fileRef = DA5417581C8A95AD00FC2BCE /* UIButton+WebCache.m */; };
		DA54176F1C8A95AD00FC2BCE /* UIImage+GIF.m in Sources */ = {isa = PBXBuildFile; fileRef = DA54175A1C8A95AD00FC2BCE /* UIImage+GIF.m */; };
		DA5417701C8A95AD00FC2BCE /* UIImage+MultiFormat.m in Sources */ = {isa = PBXBuildFile; fileRef = DA54175C1C8A95AD00FC2BCE /* UIImage+MultiFormat.m */; };
		DA5417711C8A95AD00FC2BCE /* UIImage+WebP.m in Sources */ = {isa = PBXBuildFile; fileRef = DA54175E1C8A95AD00FC2BCE /* UIImage+WebP.m */; };
		DA5417721C8A95AD00FC2BCE /* UIImageView+HighlightedWebCache.m in Sources */ = {isa = PBXBuildFile; fileRef = DA5417601C8A95AD00FC2BCE /* UIImageView+HighlightedWebCache.m */; };
		DA5417731C8A95AD00FC2BCE /* UIImageView+WebCache.m in Sources */ = {isa = PBXBuildFile; fileRef = DA5417621C8A95AD00FC2BCE /* UIImageView+WebCache.m */; };
		DA5417741C8A95AD00FC2BCE /* UIView+WebCacheOperation.m in Sources */ = {isa = PBXBuildFile; fileRef = DA5417641C8A95AD00FC2BCE /* UIView+WebCacheOperation.m */; };
		DA6AC7B21C6A6847002565BD /* EventInfoViewController.swift in Sources */ = {isa = PBXBuildFile; fileRef = DA6AC7B11C6A6847002565BD /* EventInfoViewController.swift */; };
		DA6AC7B41C6B16EA002565BD /* CityScreenViewController.swift in Sources */ = {isa = PBXBuildFile; fileRef = DA6AC7B31C6B16EA002565BD /* CityScreenViewController.swift */; };
		DAB9F4F31C76883400742025 /* tableviewBackground.jpg in Resources */ = {isa = PBXBuildFile; fileRef = DAB9F4F21C76883400742025 /* tableviewBackground.jpg */; };
		DAD62D7C1C88123100561CD1 /* offCampus_events.png in Resources */ = {isa = PBXBuildFile; fileRef = DAD62D781C88123100561CD1 /* offCampus_events.png */; };
		DAD62D7D1C88123100561CD1 /* movies.png in Resources */ = {isa = PBXBuildFile; fileRef = DAD62D791C88123100561CD1 /* movies.png */; };
		DAD62D7E1C88123100561CD1 /* food.png in Resources */ = {isa = PBXBuildFile; fileRef = DAD62D7A1C88123100561CD1 /* food.png */; };
		DAD62D7F1C88123100561CD1 /* byui_events_icon.png in Resources */ = {isa = PBXBuildFile; fileRef = DAD62D7B1C88123100561CD1 /* byui_events_icon.png */; };
		DAD62D871C881E7500561CD1 /* SWRevealViewController.m in Sources */ = {isa = PBXBuildFile; fileRef = DAD62D861C881E7500561CD1 /* SWRevealViewController.m */; };
		DADB577D1C58404500DB28A9 /* AppDelegate.swift in Sources */ = {isa = PBXBuildFile; fileRef = DADB577C1C58404500DB28A9 /* AppDelegate.swift */; };
		DADB577F1C58404500DB28A9 /* ViewController.swift in Sources */ = {isa = PBXBuildFile; fileRef = DADB577E1C58404500DB28A9 /* ViewController.swift */; };
		DADB57821C58404500DB28A9 /* Main.storyboard in Resources */ = {isa = PBXBuildFile; fileRef = DADB57801C58404500DB28A9 /* Main.storyboard */; };
		DADB57851C58404500DB28A9 /* RexEvents.xcdatamodeld in Sources */ = {isa = PBXBuildFile; fileRef = DADB57831C58404500DB28A9 /* RexEvents.xcdatamodeld */; };
		DADB57871C58404500DB28A9 /* Assets.xcassets in Resources */ = {isa = PBXBuildFile; fileRef = DADB57861C58404500DB28A9 /* Assets.xcassets */; };
		DADB578A1C58404500DB28A9 /* LaunchScreen.storyboard in Resources */ = {isa = PBXBuildFile; fileRef = DADB57881C58404500DB28A9 /* LaunchScreen.storyboard */; };
		DADB57951C58404500DB28A9 /* RexEventsTests.swift in Sources */ = {isa = PBXBuildFile; fileRef = DADB57941C58404500DB28A9 /* RexEventsTests.swift */; };
		DADB57A01C58404500DB28A9 /* RexEventsUITests.swift in Sources */ = {isa = PBXBuildFile; fileRef = DADB579F1C58404500DB28A9 /* RexEventsUITests.swift */; };
		DADB57B51C586A3600DB28A9 /* Event+CoreDataProperties.swift in Sources */ = {isa = PBXBuildFile; fileRef = DADB57B31C586A3600DB28A9 /* Event+CoreDataProperties.swift */; };
		DADB57B61C586A3600DB28A9 /* Event.swift in Sources */ = {isa = PBXBuildFile; fileRef = DADB57B41C586A3600DB28A9 /* Event.swift */; };
		DAF5E4BD1C82585A00DAB0B3 /* MapKit.framework in Frameworks */ = {isa = PBXBuildFile; fileRef = DAF5E4BC1C82585A00DAB0B3 /* MapKit.framework */; };
/* End PBXBuildFile section */

/* Begin PBXContainerItemProxy section */
		DADB57911C58404500DB28A9 /* PBXContainerItemProxy */ = {
			isa = PBXContainerItemProxy;
			containerPortal = DADB57711C58404500DB28A9 /* Project object */;
			proxyType = 1;
			remoteGlobalIDString = DADB57781C58404500DB28A9;
			remoteInfo = RexEvents;
		};
		DADB579C1C58404500DB28A9 /* PBXContainerItemProxy */ = {
			isa = PBXContainerItemProxy;
			containerPortal = DADB57711C58404500DB28A9 /* Project object */;
			proxyType = 1;
			remoteGlobalIDString = DADB57781C58404500DB28A9;
			remoteInfo = RexEvents;
		};
/* End PBXContainerItemProxy section */

/* Begin PBXFileReference section */
		DA03DC3A1C73BBE4007F3EAB /* zEvent.swift */ = {isa = PBXFileReference; fileEncoding = 4; lastKnownFileType = sourcecode.swift; name = zEvent.swift; path = ../zEvent.swift; sourceTree = "<group>"; };
		DA03DC3C1C744B13007F3EAB /* zanga1.png */ = {isa = PBXFileReference; lastKnownFileType = image.png; path = zanga1.png; sourceTree = "<group>"; };
		DA353FB31C5DE7710018DCB7 /* EventTableViewCell.swift */ = {isa = PBXFileReference; fileEncoding = 4; lastKnownFileType = sourcecode.swift; path = EventTableViewCell.swift; sourceTree = "<group>"; };
		DA46EAC71C854DA20021297C /* saltLake.png */ = {isa = PBXFileReference; lastKnownFileType = image.png; name = saltLake.png; path = ../../../Desktop/saltLake.png; sourceTree = "<group>"; };
		DA46EAC81C854DA20021297C /* provo.png */ = {isa = PBXFileReference; lastKnownFileType = image.png; name = provo.png; path = ../../../Desktop/provo.png; sourceTree = "<group>"; };
		DA46EAC91C854DA20021297C /* rexburg.png */ = {isa = PBXFileReference; lastKnownFileType = image.png; name = rexburg.png; path = ../../../Desktop/rexburg.png; sourceTree = "<group>"; };
		DA46EACD1C865B2C0021297C /* CategoryViewController.swift */ = {isa = PBXFileReference; fileEncoding = 4; lastKnownFileType = sourcecode.swift; path = CategoryViewController.swift; sourceTree = "<group>"; };
		DA5417351C89FD7800FC2BCE /* placeholder.jpg */ = {isa = PBXFileReference; lastKnownFileType = image.jpeg; path = placeholder.jpg; sourceTree = "<group>"; };
		DA5417441C8A95AD00FC2BCE /* MKAnnotationView+WebCache.h */ = {isa = PBXFileReference; fileEncoding = 4; lastKnownFileType = sourcecode.c.h; path = "MKAnnotationView+WebCache.h"; sourceTree = "<group>"; };
		DA5417451C8A95AD00FC2BCE /* MKAnnotationView+WebCache.m */ = {isa = PBXFileReference; fileEncoding = 4; lastKnownFileType = sourcecode.c.objc; path = "MKAnnotationView+WebCache.m"; sourceTree = "<group>"; };
		DA5417461C8A95AD00FC2BCE /* NSData+ImageContentType.h */ = {isa = PBXFileReference; fileEncoding = 4; lastKnownFileType = sourcecode.c.h; path = "NSData+ImageContentType.h"; sourceTree = "<group>"; };
		DA5417471C8A95AD00FC2BCE /* NSData+ImageContentType.m */ = {isa = PBXFileReference; fileEncoding = 4; lastKnownFileType = sourcecode.c.objc; path = "NSData+ImageContentType.m"; sourceTree = "<group>"; };
		DA5417481C8A95AD00FC2BCE /* SDImageCache.h */ = {isa = PBXFileReference; fileEncoding = 4; lastKnownFileType = sourcecode.c.h; path = SDImageCache.h; sourceTree = "<group>"; };
		DA5417491C8A95AD00FC2BCE /* SDImageCache.m */ = {isa = PBXFileReference; fileEncoding = 4; lastKnownFileType = sourcecode.c.objc; path = SDImageCache.m; sourceTree = "<group>"; };
		DA54174A1C8A95AD00FC2BCE /* SDWebImageCompat.h */ = {isa = PBXFileReference; fileEncoding = 4; lastKnownFileType = sourcecode.c.h; path = SDWebImageCompat.h; sourceTree = "<group>"; };
		DA54174B1C8A95AD00FC2BCE /* SDWebImageCompat.m */ = {isa = PBXFileReference; fileEncoding = 4; lastKnownFileType = sourcecode.c.objc; path = SDWebImageCompat.m; sourceTree = "<group>"; };
		DA54174C1C8A95AD00FC2BCE /* SDWebImageDecoder.h */ = {isa = PBXFileReference; fileEncoding = 4; lastKnownFileType = sourcecode.c.h; path = SDWebImageDecoder.h; sourceTree = "<group>"; };
		DA54174D1C8A95AD00FC2BCE /* SDWebImageDecoder.m */ = {isa = PBXFileReference; fileEncoding = 4; lastKnownFileType = sourcecode.c.objc; path = SDWebImageDecoder.m; sourceTree = "<group>"; };
		DA54174E1C8A95AD00FC2BCE /* SDWebImageDownloader.h */ = {isa = PBXFileReference; fileEncoding = 4; lastKnownFileType = sourcecode.c.h; path = SDWebImageDownloader.h; sourceTree = "<group>"; };
		DA54174F1C8A95AD00FC2BCE /* SDWebImageDownloader.m */ = {isa = PBXFileReference; fileEncoding = 4; lastKnownFileType = sourcecode.c.objc; path = SDWebImageDownloader.m; sourceTree = "<group>"; };
		DA5417501C8A95AD00FC2BCE /* SDWebImageDownloaderOperation.h */ = {isa = PBXFileReference; fileEncoding = 4; lastKnownFileType = sourcecode.c.h; path = SDWebImageDownloaderOperation.h; sourceTree = "<group>"; };
		DA5417511C8A95AD00FC2BCE /* SDWebImageDownloaderOperation.m */ = {isa = PBXFileReference; fileEncoding = 4; lastKnownFileType = sourcecode.c.objc; path = SDWebImageDownloaderOperation.m; sourceTree = "<group>"; };
		DA5417521C8A95AD00FC2BCE /* SDWebImageManager.h */ = {isa = PBXFileReference; fileEncoding = 4; lastKnownFileType = sourcecode.c.h; path = SDWebImageManager.h; sourceTree = "<group>"; };
		DA5417531C8A95AD00FC2BCE /* SDWebImageManager.m */ = {isa = PBXFileReference; fileEncoding = 4; lastKnownFileType = sourcecode.c.objc; path = SDWebImageManager.m; sourceTree = "<group>"; };
		DA5417541C8A95AD00FC2BCE /* SDWebImageOperation.h */ = {isa = PBXFileReference; fileEncoding = 4; lastKnownFileType = sourcecode.c.h; path = SDWebImageOperation.h; sourceTree = "<group>"; };
		DA5417551C8A95AD00FC2BCE /* SDWebImagePrefetcher.h */ = {isa = PBXFileReference; fileEncoding = 4; lastKnownFileType = sourcecode.c.h; path = SDWebImagePrefetcher.h; sourceTree = "<group>"; };
		DA5417561C8A95AD00FC2BCE /* SDWebImagePrefetcher.m */ = {isa = PBXFileReference; fileEncoding = 4; lastKnownFileType = sourcecode.c.objc; path = SDWebImagePrefetcher.m; sourceTree = "<group>"; };
		DA5417571C8A95AD00FC2BCE /* UIButton+WebCache.h */ = {isa = PBXFileReference; fileEncoding = 4; lastKnownFileType = sourcecode.c.h; path = "UIButton+WebCache.h"; sourceTree = "<group>"; };
		DA5417581C8A95AD00FC2BCE /* UIButton+WebCache.m */ = {isa = PBXFileReference; fileEncoding = 4; lastKnownFileType = sourcecode.c.objc; path = "UIButton+WebCache.m"; sourceTree = "<group>"; };
		DA5417591C8A95AD00FC2BCE /* UIImage+GIF.h */ = {isa = PBXFileReference; fileEncoding = 4; lastKnownFileType = sourcecode.c.h; path = "UIImage+GIF.h"; sourceTree = "<group>"; };
		DA54175A1C8A95AD00FC2BCE /* UIImage+GIF.m */ = {isa = PBXFileReference; fileEncoding = 4; lastKnownFileType = sourcecode.c.objc; path = "UIImage+GIF.m"; sourceTree = "<group>"; };
		DA54175B1C8A95AD00FC2BCE /* UIImage+MultiFormat.h */ = {isa = PBXFileReference; fileEncoding = 4; lastKnownFileType = sourcecode.c.h; path = "UIImage+MultiFormat.h"; sourceTree = "<group>"; };
		DA54175C1C8A95AD00FC2BCE /* UIImage+MultiFormat.m */ = {isa = PBXFileReference; fileEncoding = 4; lastKnownFileType = sourcecode.c.objc; path = "UIImage+MultiFormat.m"; sourceTree = "<group>"; };
		DA54175D1C8A95AD00FC2BCE /* UIImage+WebP.h */ = {isa = PBXFileReference; fileEncoding = 4; lastKnownFileType = sourcecode.c.h; path = "UIImage+WebP.h"; sourceTree = "<group>"; };
		DA54175E1C8A95AD00FC2BCE /* UIImage+WebP.m */ = {isa = PBXFileReference; fileEncoding = 4; lastKnownFileType = sourcecode.c.objc; path = "UIImage+WebP.m"; sourceTree = "<group>"; };
		DA54175F1C8A95AD00FC2BCE /* UIImageView+HighlightedWebCache.h */ = {isa = PBXFileReference; fileEncoding = 4; lastKnownFileType = sourcecode.c.h; path = "UIImageView+HighlightedWebCache.h"; sourceTree = "<group>"; };
		DA5417601C8A95AD00FC2BCE /* UIImageView+HighlightedWebCache.m */ = {isa = PBXFileReference; fileEncoding = 4; lastKnownFileType = sourcecode.c.objc; path = "UIImageView+HighlightedWebCache.m"; sourceTree = "<group>"; };
		DA5417611C8A95AD00FC2BCE /* UIImageView+WebCache.h */ = {isa = PBXFileReference; fileEncoding = 4; lastKnownFileType = sourcecode.c.h; path = "UIImageView+WebCache.h"; sourceTree = "<group>"; };
		DA5417621C8A95AD00FC2BCE /* UIImageView+WebCache.m */ = {isa = PBXFileReference; fileEncoding = 4; lastKnownFileType = sourcecode.c.objc; path = "UIImageView+WebCache.m"; sourceTree = "<group>"; };
		DA5417631C8A95AD00FC2BCE /* UIView+WebCacheOperation.h */ = {isa = PBXFileReference; fileEncoding = 4; lastKnownFileType = sourcecode.c.h; path = "UIView+WebCacheOperation.h"; sourceTree = "<group>"; };
		DA5417641C8A95AD00FC2BCE /* UIView+WebCacheOperation.m */ = {isa = PBXFileReference; fileEncoding = 4; lastKnownFileType = sourcecode.c.objc; path = "UIView+WebCacheOperation.m"; sourceTree = "<group>"; };
		DA5417781C8AA00F00FC2BCE /* UIImageView+WebCache.h */ = {isa = PBXFileReference; lastKnownFileType = sourcecode.c.h; path = "UIImageView+WebCache.h"; sourceTree = "<group>"; };
		DA6AC7B11C6A6847002565BD /* EventInfoViewController.swift */ = {isa = PBXFileReference; fileEncoding = 4; lastKnownFileType = sourcecode.swift; path = EventInfoViewController.swift; sourceTree = "<group>"; };
		DA6AC7B31C6B16EA002565BD /* CityScreenViewController.swift */ = {isa = PBXFileReference; fileEncoding = 4; lastKnownFileType = sourcecode.swift; path = CityScreenViewController.swift; sourceTree = "<group>"; };
		DAB9F4F21C76883400742025 /* tableviewBackground.jpg */ = {isa = PBXFileReference; lastKnownFileType = image.jpeg; path = tableviewBackground.jpg; sourceTree = "<group>"; };
		DAD62D781C88123100561CD1 /* offCampus_events.png */ = {isa = PBXFileReference; lastKnownFileType = image.png; name = offCampus_events.png; path = images/offCampus_events.png; sourceTree = SOURCE_ROOT; };
		DAD62D791C88123100561CD1 /* movies.png */ = {isa = PBXFileReference; lastKnownFileType = image.png; name = movies.png; path = images/movies.png; sourceTree = SOURCE_ROOT; };
		DAD62D7A1C88123100561CD1 /* food.png */ = {isa = PBXFileReference; lastKnownFileType = image.png; name = food.png; path = images/food.png; sourceTree = SOURCE_ROOT; };
		DAD62D7B1C88123100561CD1 /* byui_events_icon.png */ = {isa = PBXFileReference; lastKnownFileType = image.png; name = byui_events_icon.png; path = images/byui_events_icon.png; sourceTree = SOURCE_ROOT; };
		DAD62D801C881A7300561CD1 /* RexEvents-Bridging-Header.h */ = {isa = PBXFileReference; lastKnownFileType = sourcecode.c.h; path = "RexEvents-Bridging-Header.h"; sourceTree = "<group>"; };
		DAD62D851C881E7500561CD1 /* SWRevealViewController.h */ = {isa = PBXFileReference; fileEncoding = 4; lastKnownFileType = sourcecode.c.h; path = SWRevealViewController.h; sourceTree = "<group>"; };
		DAD62D861C881E7500561CD1 /* SWRevealViewController.m */ = {isa = PBXFileReference; fileEncoding = 4; lastKnownFileType = sourcecode.c.objc; path = SWRevealViewController.m; sourceTree = "<group>"; };
		DADB57791C58404500DB28A9 /* RexEvents.app */ = {isa = PBXFileReference; explicitFileType = wrapper.application; includeInIndex = 0; path = RexEvents.app; sourceTree = BUILT_PRODUCTS_DIR; };
		DADB577C1C58404500DB28A9 /* AppDelegate.swift */ = {isa = PBXFileReference; lastKnownFileType = sourcecode.swift; path = AppDelegate.swift; sourceTree = "<group>"; };
		DADB577E1C58404500DB28A9 /* ViewController.swift */ = {isa = PBXFileReference; lastKnownFileType = sourcecode.swift; path = ViewController.swift; sourceTree = "<group>"; };
		DADB57811C58404500DB28A9 /* Base */ = {isa = PBXFileReference; lastKnownFileType = file.storyboard; name = Base; path = Base.lproj/Main.storyboard; sourceTree = "<group>"; };
		DADB57841C58404500DB28A9 /* RexEvents.xcdatamodel */ = {isa = PBXFileReference; lastKnownFileType = wrapper.xcdatamodel; path = RexEvents.xcdatamodel; sourceTree = "<group>"; };
		DADB57861C58404500DB28A9 /* Assets.xcassets */ = {isa = PBXFileReference; lastKnownFileType = folder.assetcatalog; path = Assets.xcassets; sourceTree = "<group>"; };
		DADB57891C58404500DB28A9 /* Base */ = {isa = PBXFileReference; lastKnownFileType = file.storyboard; name = Base; path = Base.lproj/LaunchScreen.storyboard; sourceTree = "<group>"; };
		DADB578B1C58404500DB28A9 /* Info.plist */ = {isa = PBXFileReference; lastKnownFileType = text.plist.xml; path = Info.plist; sourceTree = "<group>"; };
		DADB57901C58404500DB28A9 /* RexEventsTests.xctest */ = {isa = PBXFileReference; explicitFileType = wrapper.cfbundle; includeInIndex = 0; path = RexEventsTests.xctest; sourceTree = BUILT_PRODUCTS_DIR; };
		DADB57941C58404500DB28A9 /* RexEventsTests.swift */ = {isa = PBXFileReference; lastKnownFileType = sourcecode.swift; path = RexEventsTests.swift; sourceTree = "<group>"; };
		DADB57961C58404500DB28A9 /* Info.plist */ = {isa = PBXFileReference; lastKnownFileType = text.plist.xml; path = Info.plist; sourceTree = "<group>"; };
		DADB579B1C58404500DB28A9 /* RexEventsUITests.xctest */ = {isa = PBXFileReference; explicitFileType = wrapper.cfbundle; includeInIndex = 0; path = RexEventsUITests.xctest; sourceTree = BUILT_PRODUCTS_DIR; };
		DADB579F1C58404500DB28A9 /* RexEventsUITests.swift */ = {isa = PBXFileReference; lastKnownFileType = sourcecode.swift; path = RexEventsUITests.swift; sourceTree = "<group>"; };
		DADB57A11C58404500DB28A9 /* Info.plist */ = {isa = PBXFileReference; lastKnownFileType = text.plist.xml; path = Info.plist; sourceTree = "<group>"; };
		DADB57B31C586A3600DB28A9 /* Event+CoreDataProperties.swift */ = {isa = PBXFileReference; fileEncoding = 4; lastKnownFileType = sourcecode.swift; name = "Event+CoreDataProperties.swift"; path = "../Event+CoreDataProperties.swift"; sourceTree = "<group>"; };
		DADB57B41C586A3600DB28A9 /* Event.swift */ = {isa = PBXFileReference; fileEncoding = 4; lastKnownFileType = sourcecode.swift; name = Event.swift; path = ../Event.swift; sourceTree = "<group>"; };
		DAF5E4BC1C82585A00DAB0B3 /* MapKit.framework */ = {isa = PBXFileReference; lastKnownFileType = wrapper.framework; name = MapKit.framework; path = System/Library/Frameworks/MapKit.framework; sourceTree = SDKROOT; };
/* End PBXFileReference section */

/* Begin PBXFrameworksBuildPhase section */
		DADB57761C58404500DB28A9 /* Frameworks */ = {
			isa = PBXFrameworksBuildPhase;
			buildActionMask = 2147483647;
			files = (
				DAF5E4BD1C82585A00DAB0B3 /* MapKit.framework in Frameworks */,
			);
			runOnlyForDeploymentPostprocessing = 0;
		};
		DADB578D1C58404500DB28A9 /* Frameworks */ = {
			isa = PBXFrameworksBuildPhase;
			buildActionMask = 2147483647;
			files = (
			);
			runOnlyForDeploymentPostprocessing = 0;
		};
		DADB57981C58404500DB28A9 /* Frameworks */ = {
			isa = PBXFrameworksBuildPhase;
			buildActionMask = 2147483647;
			files = (
			);
			runOnlyForDeploymentPostprocessing = 0;
		};
/* End PBXFrameworksBuildPhase section */

/* Begin PBXGroup section */
		DA5417751C8A9F3200FC2BCE /* SDWebStuff */ = {
			isa = PBXGroup;
			children = (
				DA5417781C8AA00F00FC2BCE /* UIImageView+WebCache.h */,
				DA5417441C8A95AD00FC2BCE /* MKAnnotationView+WebCache.h */,
				DA5417451C8A95AD00FC2BCE /* MKAnnotationView+WebCache.m */,
				DA5417461C8A95AD00FC2BCE /* NSData+ImageContentType.h */,
				DA5417471C8A95AD00FC2BCE /* NSData+ImageContentType.m */,
				DA5417481C8A95AD00FC2BCE /* SDImageCache.h */,
				DA5417491C8A95AD00FC2BCE /* SDImageCache.m */,
				DA54174A1C8A95AD00FC2BCE /* SDWebImageCompat.h */,
				DA54174B1C8A95AD00FC2BCE /* SDWebImageCompat.m */,
				DA54174C1C8A95AD00FC2BCE /* SDWebImageDecoder.h */,
				DA54174D1C8A95AD00FC2BCE /* SDWebImageDecoder.m */,
				DA54174E1C8A95AD00FC2BCE /* SDWebImageDownloader.h */,
				DA54174F1C8A95AD00FC2BCE /* SDWebImageDownloader.m */,
				DA5417501C8A95AD00FC2BCE /* SDWebImageDownloaderOperation.h */,
				DA5417511C8A95AD00FC2BCE /* SDWebImageDownloaderOperation.m */,
				DA5417521C8A95AD00FC2BCE /* SDWebImageManager.h */,
				DA5417531C8A95AD00FC2BCE /* SDWebImageManager.m */,
				DA5417541C8A95AD00FC2BCE /* SDWebImageOperation.h */,
				DA5417551C8A95AD00FC2BCE /* SDWebImagePrefetcher.h */,
				DA5417561C8A95AD00FC2BCE /* SDWebImagePrefetcher.m */,
				DA5417571C8A95AD00FC2BCE /* UIButton+WebCache.h */,
				DA5417581C8A95AD00FC2BCE /* UIButton+WebCache.m */,
				DA5417591C8A95AD00FC2BCE /* UIImage+GIF.h */,
				DA54175A1C8A95AD00FC2BCE /* UIImage+GIF.m */,
				DA54175B1C8A95AD00FC2BCE /* UIImage+MultiFormat.h */,
				DA54175C1C8A95AD00FC2BCE /* UIImage+MultiFormat.m */,
				DA54175D1C8A95AD00FC2BCE /* UIImage+WebP.h */,
				DA54175E1C8A95AD00FC2BCE /* UIImage+WebP.m */,
				DA54175F1C8A95AD00FC2BCE /* UIImageView+HighlightedWebCache.h */,
				DA5417601C8A95AD00FC2BCE /* UIImageView+HighlightedWebCache.m */,
				DA5417611C8A95AD00FC2BCE /* UIImageView+WebCache.h */,
				DA5417621C8A95AD00FC2BCE /* UIImageView+WebCache.m */,
				DA5417631C8A95AD00FC2BCE /* UIView+WebCacheOperation.h */,
				DA5417641C8A95AD00FC2BCE /* UIView+WebCacheOperation.m */,
			);
			name = SDWebStuff;
			sourceTree = "<group>";
		};
		DA5417761C8A9F8600FC2BCE /* ViewControllers */ = {
			isa = PBXGroup;
			children = (
				DADB577E1C58404500DB28A9 /* ViewController.swift */,
				DA46EACD1C865B2C0021297C /* CategoryViewController.swift */,
				DA6AC7B31C6B16EA002565BD /* CityScreenViewController.swift */,
				DA6AC7B11C6A6847002565BD /* EventInfoViewController.swift */,
				DA353FB31C5DE7710018DCB7 /* EventTableViewCell.swift */,
			);
			name = ViewControllers;
			sourceTree = "<group>";
		};
		DA5417771C8A9FB000FC2BCE /* images */ = {
			isa = PBXGroup;
			children = (
				DAD62D781C88123100561CD1 /* offCampus_events.png */,
				DAB9F4F21C76883400742025 /* tableviewBackground.jpg */,
				DA46EAC71C854DA20021297C /* saltLake.png */,
				DA46EAC81C854DA20021297C /* provo.png */,
				DA46EAC91C854DA20021297C /* rexburg.png */,
				DA5417351C89FD7800FC2BCE /* placeholder.jpg */,
				DAD62D791C88123100561CD1 /* movies.png */,
				DAD62D7A1C88123100561CD1 /* food.png */,
				DAD62D7B1C88123100561CD1 /* byui_events_icon.png */,
				DA03DC3C1C744B13007F3EAB /* zanga1.png */,
			);
			name = images;
			sourceTree = "<group>";
		};
		DA5417791C8AA06900FC2BCE /* classes */ = {
			isa = PBXGroup;
			children = (
				DADB57B31C586A3600DB28A9 /* Event+CoreDataProperties.swift */,
				DA03DC3A1C73BBE4007F3EAB /* zEvent.swift */,
				DADB57B41C586A3600DB28A9 /* Event.swift */,
			);
			name = classes;
			sourceTree = "<group>";
		};
		DAD62D841C881E4600561CD1 /* SWReveal */ = {
			isa = PBXGroup;
			children = (
				DAD62D851C881E7500561CD1 /* SWRevealViewController.h */,
				DAD62D861C881E7500561CD1 /* SWRevealViewController.m */,
			);
			name = SWReveal;
			sourceTree = "<group>";
		};
		DADB57701C58404500DB28A9 = {
			isa = PBXGroup;
			children = (
				DAF5E4BC1C82585A00DAB0B3 /* MapKit.framework */,
				DADB577B1C58404500DB28A9 /* RexEvents */,
				DADB57931C58404500DB28A9 /* RexEventsTests */,
				DADB579E1C58404500DB28A9 /* RexEventsUITests */,
				DADB577A1C58404500DB28A9 /* Products */,
			);
			sourceTree = "<group>";
		};
		DADB577A1C58404500DB28A9 /* Products */ = {
			isa = PBXGroup;
			children = (
				DADB57791C58404500DB28A9 /* RexEvents.app */,
				DADB57901C58404500DB28A9 /* RexEventsTests.xctest */,
				DADB579B1C58404500DB28A9 /* RexEventsUITests.xctest */,
			);
			name = Products;
			sourceTree = "<group>";
		};
		DADB577B1C58404500DB28A9 /* RexEvents */ = {
			isa = PBXGroup;
			children = (
				DA5417791C8AA06900FC2BCE /* classes */,
				DA5417771C8A9FB000FC2BCE /* images */,
				DA5417761C8A9F8600FC2BCE /* ViewControllers */,
				DA5417751C8A9F3200FC2BCE /* SDWebStuff */,
				DAD62D841C881E4600561CD1 /* SWReveal */,
				DADB577C1C58404500DB28A9 /* AppDelegate.swift */,
				DADB57801C58404500DB28A9 /* Main.storyboard */,
				DADB57861C58404500DB28A9 /* Assets.xcassets */,
				DADB57881C58404500DB28A9 /* LaunchScreen.storyboard */,
				DADB578B1C58404500DB28A9 /* Info.plist */,
				DADB57831C58404500DB28A9 /* RexEvents.xcdatamodeld */,
				DAD62D801C881A7300561CD1 /* RexEvents-Bridging-Header.h */,
			);
			path = RexEvents;
			sourceTree = "<group>";
		};
		DADB57931C58404500DB28A9 /* RexEventsTests */ = {
			isa = PBXGroup;
			children = (
				DADB57941C58404500DB28A9 /* RexEventsTests.swift */,
				DADB57961C58404500DB28A9 /* Info.plist */,
			);
			path = RexEventsTests;
			sourceTree = "<group>";
		};
		DADB579E1C58404500DB28A9 /* RexEventsUITests */ = {
			isa = PBXGroup;
			children = (
				DADB579F1C58404500DB28A9 /* RexEventsUITests.swift */,
				DADB57A11C58404500DB28A9 /* Info.plist */,
			);
			path = RexEventsUITests;
			sourceTree = "<group>";
		};
/* End PBXGroup section */

/* Begin PBXNativeTarget section */
		DADB57781C58404500DB28A9 /* RexEvents */ = {
			isa = PBXNativeTarget;
			buildConfigurationList = DADB57A41C58404500DB28A9 /* Build configuration list for PBXNativeTarget "RexEvents" */;
			buildPhases = (
				DADB57751C58404500DB28A9 /* Sources */,
				DADB57761C58404500DB28A9 /* Frameworks */,
				DADB57771C58404500DB28A9 /* Resources */,
			);
			buildRules = (
			);
			dependencies = (
			);
			name = RexEvents;
			productName = RexEvents;
			productReference = DADB57791C58404500DB28A9 /* RexEvents.app */;
			productType = "com.apple.product-type.application";
		};
		DADB578F1C58404500DB28A9 /* RexEventsTests */ = {
			isa = PBXNativeTarget;
			buildConfigurationList = DADB57A71C58404500DB28A9 /* Build configuration list for PBXNativeTarget "RexEventsTests" */;
			buildPhases = (
				DADB578C1C58404500DB28A9 /* Sources */,
				DADB578D1C58404500DB28A9 /* Frameworks */,
				DADB578E1C58404500DB28A9 /* Resources */,
			);
			buildRules = (
			);
			dependencies = (
				DADB57921C58404500DB28A9 /* PBXTargetDependency */,
			);
			name = RexEventsTests;
			productName = RexEventsTests;
			productReference = DADB57901C58404500DB28A9 /* RexEventsTests.xctest */;
			productType = "com.apple.product-type.bundle.unit-test";
		};
		DADB579A1C58404500DB28A9 /* RexEventsUITests */ = {
			isa = PBXNativeTarget;
			buildConfigurationList = DADB57AA1C58404500DB28A9 /* Build configuration list for PBXNativeTarget "RexEventsUITests" */;
			buildPhases = (
				DADB57971C58404500DB28A9 /* Sources */,
				DADB57981C58404500DB28A9 /* Frameworks */,
				DADB57991C58404500DB28A9 /* Resources */,
			);
			buildRules = (
			);
			dependencies = (
				DADB579D1C58404500DB28A9 /* PBXTargetDependency */,
			);
			name = RexEventsUITests;
			productName = RexEventsUITests;
			productReference = DADB579B1C58404500DB28A9 /* RexEventsUITests.xctest */;
			productType = "com.apple.product-type.bundle.ui-testing";
		};
/* End PBXNativeTarget section */

/* Begin PBXProject section */
		DADB57711C58404500DB28A9 /* Project object */ = {
			isa = PBXProject;
			attributes = {
				LastSwiftUpdateCheck = 0720;
				LastUpgradeCheck = 0720;
				ORGANIZATIONNAME = "Paul O'Neill";
				TargetAttributes = {
					DADB57781C58404500DB28A9 = {
						CreatedOnToolsVersion = 7.2;
					};
					DADB578F1C58404500DB28A9 = {
						CreatedOnToolsVersion = 7.2;
						TestTargetID = DADB57781C58404500DB28A9;
					};
					DADB579A1C58404500DB28A9 = {
						CreatedOnToolsVersion = 7.2;
						TestTargetID = DADB57781C58404500DB28A9;
					};
				};
			};
			buildConfigurationList = DADB57741C58404500DB28A9 /* Build configuration list for PBXProject "RexEvents" */;
			compatibilityVersion = "Xcode 3.2";
			developmentRegion = English;
			hasScannedForEncodings = 0;
			knownRegions = (
				en,
				Base,
			);
			mainGroup = DADB57701C58404500DB28A9;
			productRefGroup = DADB577A1C58404500DB28A9 /* Products */;
			projectDirPath = "";
			projectRoot = "";
			targets = (
				DADB57781C58404500DB28A9 /* RexEvents */,
				DADB578F1C58404500DB28A9 /* RexEventsTests */,
				DADB579A1C58404500DB28A9 /* RexEventsUITests */,
			);
		};
/* End PBXProject section */

/* Begin PBXResourcesBuildPhase section */
		DADB57771C58404500DB28A9 /* Resources */ = {
			isa = PBXResourcesBuildPhase;
			buildActionMask = 2147483647;
			files = (
				DA46EACB1C854DA20021297C /* provo.png in Resources */,
				DA46EACA1C854DA20021297C /* saltLake.png in Resources */,
				DAD62D7E1C88123100561CD1 /* food.png in Resources */,
				DADB578A1C58404500DB28A9 /* LaunchScreen.storyboard in Resources */,
				DAD62D7F1C88123100561CD1 /* byui_events_icon.png in Resources */,
				DAD62D7C1C88123100561CD1 /* offCampus_events.png in Resources */,
				DAB9F4F31C76883400742025 /* tableviewBackground.jpg in Resources */,
				DADB57871C58404500DB28A9 /* Assets.xcassets in Resources */,
				DAD62D7D1C88123100561CD1 /* movies.png in Resources */,
				DA5417361C89FD7800FC2BCE /* placeholder.jpg in Resources */,
				DA46EACC1C854DA20021297C /* rexburg.png in Resources */,
				DADB57821C58404500DB28A9 /* Main.storyboard in Resources */,
				DA03DC3D1C744B13007F3EAB /* zanga1.png in Resources */,
			);
			runOnlyForDeploymentPostprocessing = 0;
		};
		DADB578E1C58404500DB28A9 /* Resources */ = {
			isa = PBXResourcesBuildPhase;
			buildActionMask = 2147483647;
			files = (
			);
			runOnlyForDeploymentPostprocessing = 0;
		};
		DADB57991C58404500DB28A9 /* Resources */ = {
			isa = PBXResourcesBuildPhase;
			buildActionMask = 2147483647;
			files = (
			);
			runOnlyForDeploymentPostprocessing = 0;
		};
/* End PBXResourcesBuildPhase section */

/* Begin PBXSourcesBuildPhase section */
		DADB57751C58404500DB28A9 /* Sources */ = {
			isa = PBXSourcesBuildPhase;
			buildActionMask = 2147483647;
			files = (
				DA54176F1C8A95AD00FC2BCE /* UIImage+GIF.m in Sources */,
				DA46EACE1C865B2C0021297C /* CategoryViewController.swift in Sources */,
				DA54176D1C8A95AD00FC2BCE /* SDWebImagePrefetcher.m in Sources */,
				DA353FB41C5DE7710018DCB7 /* EventTableViewCell.swift in Sources */,
				DA03DC3B1C73BBE4007F3EAB /* zEvent.swift in Sources */,
				DA5417661C8A95AD00FC2BCE /* NSData+ImageContentType.m in Sources */,
				DA6AC7B41C6B16EA002565BD /* CityScreenViewController.swift in Sources */,
				DADB577F1C58404500DB28A9 /* ViewController.swift in Sources */,
				DA54176E1C8A95AD00FC2BCE /* UIButton+WebCache.m in Sources */,
				DA54176B1C8A95AD00FC2BCE /* SDWebImageDownloaderOperation.m in Sources */,
				DA5417651C8A95AD00FC2BCE /* MKAnnotationView+WebCache.m in Sources */,
				DA5417681C8A95AD00FC2BCE /* SDWebImageCompat.m in Sources */,
				DADB57851C58404500DB28A9 /* RexEvents.xcdatamodeld in Sources */,
				DA5417701C8A95AD00FC2BCE /* UIImage+MultiFormat.m in Sources */,
				DA5417731C8A95AD00FC2BCE /* UIImageView+WebCache.m in Sources */,
				DADB57B51C586A3600DB28A9 /* Event+CoreDataProperties.swift in Sources */,
				DA5417741C8A95AD00FC2BCE /* UIView+WebCacheOperation.m in Sources */,
				DA6AC7B21C6A6847002565BD /* EventInfoViewController.swift in Sources */,
				DAD62D871C881E7500561CD1 /* SWRevealViewController.m in Sources */,
				DA54176A1C8A95AD00FC2BCE /* SDWebImageDownloader.m in Sources */,
				DA5417721C8A95AD00FC2BCE /* UIImageView+HighlightedWebCache.m in Sources */,
				DA5417691C8A95AD00FC2BCE /* SDWebImageDecoder.m in Sources */,
				DA5417711C8A95AD00FC2BCE /* UIImage+WebP.m in Sources */,
				DA54176C1C8A95AD00FC2BCE /* SDWebImageManager.m in Sources */,
				DADB577D1C58404500DB28A9 /* AppDelegate.swift in Sources */,
				DADB57B61C586A3600DB28A9 /* Event.swift in Sources */,
				DA5417671C8A95AD00FC2BCE /* SDImageCache.m in Sources */,
			);
			runOnlyForDeploymentPostprocessing = 0;
		};
		DADB578C1C58404500DB28A9 /* Sources */ = {
			isa = PBXSourcesBuildPhase;
			buildActionMask = 2147483647;
			files = (
				DADB57951C58404500DB28A9 /* RexEventsTests.swift in Sources */,
			);
			runOnlyForDeploymentPostprocessing = 0;
		};
		DADB57971C58404500DB28A9 /* Sources */ = {
			isa = PBXSourcesBuildPhase;
			buildActionMask = 2147483647;
			files = (
				DADB57A01C58404500DB28A9 /* RexEventsUITests.swift in Sources */,
			);
			runOnlyForDeploymentPostprocessing = 0;
		};
/* End PBXSourcesBuildPhase section */

/* Begin PBXTargetDependency section */
		DADB57921C58404500DB28A9 /* PBXTargetDependency */ = {
			isa = PBXTargetDependency;
			target = DADB57781C58404500DB28A9 /* RexEvents */;
			targetProxy = DADB57911C58404500DB28A9 /* PBXContainerItemProxy */;
		};
		DADB579D1C58404500DB28A9 /* PBXTargetDependency */ = {
			isa = PBXTargetDependency;
			target = DADB57781C58404500DB28A9 /* RexEvents */;
			targetProxy = DADB579C1C58404500DB28A9 /* PBXContainerItemProxy */;
		};
/* End PBXTargetDependency section */

/* Begin PBXVariantGroup section */
		DADB57801C58404500DB28A9 /* Main.storyboard */ = {
			isa = PBXVariantGroup;
			children = (
				DADB57811C58404500DB28A9 /* Base */,
			);
			name = Main.storyboard;
			sourceTree = "<group>";
		};
		DADB57881C58404500DB28A9 /* LaunchScreen.storyboard */ = {
			isa = PBXVariantGroup;
			children = (
				DADB57891C58404500DB28A9 /* Base */,
			);
			name = LaunchScreen.storyboard;
			sourceTree = "<group>";
		};
/* End PBXVariantGroup section */

/* Begin XCBuildConfiguration section */
		DADB57A21C58404500DB28A9 /* Debug */ = {
			isa = XCBuildConfiguration;
			buildSettings = {
				ALWAYS_SEARCH_USER_PATHS = NO;
				CLANG_CXX_LANGUAGE_STANDARD = "gnu++0x";
				CLANG_CXX_LIBRARY = "libc++";
				CLANG_ENABLE_MODULES = YES;
				CLANG_ENABLE_OBJC_ARC = YES;
				CLANG_WARN_BOOL_CONVERSION = YES;
				CLANG_WARN_CONSTANT_CONVERSION = YES;
				CLANG_WARN_DIRECT_OBJC_ISA_USAGE = YES_ERROR;
				CLANG_WARN_EMPTY_BODY = YES;
				CLANG_WARN_ENUM_CONVERSION = YES;
				CLANG_WARN_INT_CONVERSION = YES;
				CLANG_WARN_OBJC_ROOT_CLASS = YES_ERROR;
				CLANG_WARN_UNREACHABLE_CODE = YES;
				CLANG_WARN__DUPLICATE_METHOD_MATCH = YES;
				"CODE_SIGN_IDENTITY[sdk=iphoneos*]" = "iPhone Developer";
				COPY_PHASE_STRIP = NO;
				DEBUG_INFORMATION_FORMAT = dwarf;
				ENABLE_STRICT_OBJC_MSGSEND = YES;
				ENABLE_TESTABILITY = YES;
				GCC_C_LANGUAGE_STANDARD = gnu99;
				GCC_DYNAMIC_NO_PIC = NO;
				GCC_NO_COMMON_BLOCKS = YES;
				GCC_OPTIMIZATION_LEVEL = 0;
				GCC_PREPROCESSOR_DEFINITIONS = (
					"DEBUG=1",
					"$(inherited)",
				);
				GCC_WARN_64_TO_32_BIT_CONVERSION = YES;
				GCC_WARN_ABOUT_RETURN_TYPE = YES_ERROR;
				GCC_WARN_UNDECLARED_SELECTOR = YES;
				GCC_WARN_UNINITIALIZED_AUTOS = YES_AGGRESSIVE;
				GCC_WARN_UNUSED_FUNCTION = YES;
				GCC_WARN_UNUSED_VARIABLE = YES;
				IPHONEOS_DEPLOYMENT_TARGET = 9.2;
				MTL_ENABLE_DEBUG_INFO = YES;
				ONLY_ACTIVE_ARCH = YES;
				SDKROOT = iphoneos;
				SWIFT_OPTIMIZATION_LEVEL = "-Onone";
			};
			name = Debug;
		};
		DADB57A31C58404500DB28A9 /* Release */ = {
			isa = XCBuildConfiguration;
			buildSettings = {
				ALWAYS_SEARCH_USER_PATHS = NO;
				CLANG_CXX_LANGUAGE_STANDARD = "gnu++0x";
				CLANG_CXX_LIBRARY = "libc++";
				CLANG_ENABLE_MODULES = YES;
				CLANG_ENABLE_OBJC_ARC = YES;
				CLANG_WARN_BOOL_CONVERSION = YES;
				CLANG_WARN_CONSTANT_CONVERSION = YES;
				CLANG_WARN_DIRECT_OBJC_ISA_USAGE = YES_ERROR;
				CLANG_WARN_EMPTY_BODY = YES;
				CLANG_WARN_ENUM_CONVERSION = YES;
				CLANG_WARN_INT_CONVERSION = YES;
				CLANG_WARN_OBJC_ROOT_CLASS = YES_ERROR;
				CLANG_WARN_UNREACHABLE_CODE = YES;
				CLANG_WARN__DUPLICATE_METHOD_MATCH = YES;
				"CODE_SIGN_IDENTITY[sdk=iphoneos*]" = "iPhone Developer";
				COPY_PHASE_STRIP = NO;
				DEBUG_INFORMATION_FORMAT = "dwarf-with-dsym";
				ENABLE_NS_ASSERTIONS = NO;
				ENABLE_STRICT_OBJC_MSGSEND = YES;
				GCC_C_LANGUAGE_STANDARD = gnu99;
				GCC_NO_COMMON_BLOCKS = YES;
				GCC_WARN_64_TO_32_BIT_CONVERSION = YES;
				GCC_WARN_ABOUT_RETURN_TYPE = YES_ERROR;
				GCC_WARN_UNDECLARED_SELECTOR = YES;
				GCC_WARN_UNINITIALIZED_AUTOS = YES_AGGRESSIVE;
				GCC_WARN_UNUSED_FUNCTION = YES;
				GCC_WARN_UNUSED_VARIABLE = YES;
				IPHONEOS_DEPLOYMENT_TARGET = 9.2;
				MTL_ENABLE_DEBUG_INFO = NO;
				SDKROOT = iphoneos;
				VALIDATE_PRODUCT = YES;
			};
			name = Release;
		};
		DADB57A51C58404500DB28A9 /* Debug */ = {
			isa = XCBuildConfiguration;
			buildSettings = {
				ASSETCATALOG_COMPILER_APPICON_NAME = AppIcon;
				CLANG_ENABLE_MODULES = YES;
				INFOPLIST_FILE = RexEvents/Info.plist;
				LD_RUNPATH_SEARCH_PATHS = "$(inherited) @executable_path/Frameworks";
				PRODUCT_BUNDLE_IDENTIFIER = com.paulgrid.RexEvents;
				PRODUCT_NAME = "$(TARGET_NAME)";
				SWIFT_OBJC_BRIDGING_HEADER = "RexEvents/RexEvents-Bridging-Header.h";
				SWIFT_OPTIMIZATION_LEVEL = "-Onone";
			};
			name = Debug;
		};
		DADB57A61C58404500DB28A9 /* Release */ = {
			isa = XCBuildConfiguration;
			buildSettings = {
				ASSETCATALOG_COMPILER_APPICON_NAME = AppIcon;
				CLANG_ENABLE_MODULES = YES;
				INFOPLIST_FILE = RexEvents/Info.plist;
				LD_RUNPATH_SEARCH_PATHS = "$(inherited) @executable_path/Frameworks";
				PRODUCT_BUNDLE_IDENTIFIER = com.paulgrid.RexEvents;
				PRODUCT_NAME = "$(TARGET_NAME)";
				SWIFT_OBJC_BRIDGING_HEADER = "RexEvents/RexEvents-Bridging-Header.h";
			};
			name = Release;
		};
		DADB57A81C58404500DB28A9 /* Debug */ = {
			isa = XCBuildConfiguration;
			buildSettings = {
				BUNDLE_LOADER = "$(TEST_HOST)";
				INFOPLIST_FILE = RexEventsTests/Info.plist;
				LD_RUNPATH_SEARCH_PATHS = "$(inherited) @executable_path/Frameworks @loader_path/Frameworks";
				PRODUCT_BUNDLE_IDENTIFIER = com.paulgrid.RexEventsTests;
				PRODUCT_NAME = "$(TARGET_NAME)";
				TEST_HOST = "$(BUILT_PRODUCTS_DIR)/RexEvents.app/RexEvents";
			};
			name = Debug;
		};
		DADB57A91C58404500DB28A9 /* Release */ = {
			isa = XCBuildConfiguration;
			buildSettings = {
				BUNDLE_LOADER = "$(TEST_HOST)";
				INFOPLIST_FILE = RexEventsTests/Info.plist;
				LD_RUNPATH_SEARCH_PATHS = "$(inherited) @executable_path/Frameworks @loader_path/Frameworks";
				PRODUCT_BUNDLE_IDENTIFIER = com.paulgrid.RexEventsTests;
				PRODUCT_NAME = "$(TARGET_NAME)";
				TEST_HOST = "$(BUILT_PRODUCTS_DIR)/RexEvents.app/RexEvents";
			};
			name = Release;
		};
		DADB57AB1C58404500DB28A9 /* Debug */ = {
			isa = XCBuildConfiguration;
			buildSettings = {
				INFOPLIST_FILE = RexEventsUITests/Info.plist;
				LD_RUNPATH_SEARCH_PATHS = "$(inherited) @executable_path/Frameworks @loader_path/Frameworks";
				PRODUCT_BUNDLE_IDENTIFIER = com.paulgrid.RexEventsUITests;
				PRODUCT_NAME = "$(TARGET_NAME)";
				TEST_TARGET_NAME = RexEvents;
				USES_XCTRUNNER = YES;
			};
			name = Debug;
		};
		DADB57AC1C58404500DB28A9 /* Release */ = {
			isa = XCBuildConfiguration;
			buildSettings = {
				INFOPLIST_FILE = RexEventsUITests/Info.plist;
				LD_RUNPATH_SEARCH_PATHS = "$(inherited) @executable_path/Frameworks @loader_path/Frameworks";
				PRODUCT_BUNDLE_IDENTIFIER = com.paulgrid.RexEventsUITests;
				PRODUCT_NAME = "$(TARGET_NAME)";
				TEST_TARGET_NAME = RexEvents;
				USES_XCTRUNNER = YES;
			};
			name = Release;
		};
/* End XCBuildConfiguration section */

/* Begin XCConfigurationList section */
		DADB57741C58404500DB28A9 /* Build configuration list for PBXProject "RexEvents" */ = {
			isa = XCConfigurationList;
			buildConfigurations = (
				DADB57A21C58404500DB28A9 /* Debug */,
				DADB57A31C58404500DB28A9 /* Release */,
			);
			defaultConfigurationIsVisible = 0;
			defaultConfigurationName = Release;
		};
		DADB57A41C58404500DB28A9 /* Build configuration list for PBXNativeTarget "RexEvents" */ = {
			isa = XCConfigurationList;
			buildConfigurations = (
				DADB57A51C58404500DB28A9 /* Debug */,
				DADB57A61C58404500DB28A9 /* Release */,
			);
			defaultConfigurationIsVisible = 0;
			defaultConfigurationName = Release;
		};
		DADB57A71C58404500DB28A9 /* Build configuration list for PBXNativeTarget "RexEventsTests" */ = {
			isa = XCConfigurationList;
			buildConfigurations = (
				DADB57A81C58404500DB28A9 /* Debug */,
				DADB57A91C58404500DB28A9 /* Release */,
			);
			defaultConfigurationIsVisible = 0;
			defaultConfigurationName = Release;
		};
		DADB57AA1C58404500DB28A9 /* Build configuration list for PBXNativeTarget "RexEventsUITests" */ = {
			isa = XCConfigurationList;
			buildConfigurations = (
				DADB57AB1C58404500DB28A9 /* Debug */,
				DADB57AC1C58404500DB28A9 /* Release */,
			);
			defaultConfigurationIsVisible = 0;
			defaultConfigurationName = Release;
		};
/* End XCConfigurationList section */

/* Begin XCVersionGroup section */
		DADB57831C58404500DB28A9 /* RexEvents.xcdatamodeld */ = {
			isa = XCVersionGroup;
			children = (
				DADB57841C58404500DB28A9 /* RexEvents.xcdatamodel */,
			);
			currentVersion = DADB57841C58404500DB28A9 /* RexEvents.xcdatamodel */;
			path = RexEvents.xcdatamodeld;
			sourceTree = "<group>";
			versionGroupType = wrapper.xcdatamodel;
		};
/* End XCVersionGroup section */
	};
	rootObject = DADB57711C58404500DB28A9 /* Project object */;
}
